<?xml version="1.0" encoding="utf-8"?>
<Project ToolsVersion="4.0" xmlns="http://schemas.microsoft.com/developer/msbuild/2003">
  <ItemGroup>
    <Filter Include="Tests">
      <UniqueIdentifier>{6B1A4C3E-2F57-4D8A-9C11-3E8F0A7B5D21}</UniqueIdentifier>
    </Filter>
    <Filter Include="App Sources">
      <UniqueIdentifier>{A4E2D9C7-0B63-4F1E-8D25-7C9B1E3F6A48}</UniqueIdentifier>
    </Filter>
  </ItemGroup>
  <ItemGroup>
    <ClCompile Include="..\RegExp\pch.cpp">
      <Filter>App Sources</Filter>
    </ClCompile>
    <ClCompile Include="..\RegExp\AppCommandBase.cpp">
      <Filter>App Sources</Filter>
    </ClCompile>
    <ClCompile Include="..\RegExp\DeleteKeyCommand.cpp">
      <Filter>App Sources</Filter>
    </ClCompile>
    <ClCompile Include="..\RegExp\Helpers.cpp">
      <Filter>App Sources</Filter>
    </ClCompile>
    <ClCompile Include="..\RegExp\ImportRegFileCommand.cpp">
      <Filter>App Sources</Filter>
    </ClCompile>
    <ClCompile Include="..\RegExp\KeyBackup.cpp">
      <Filter>App Sources</Filter>
    </ClCompile>
    <ClCompile Include="..\RegExp\KeyWatcher.cpp">
      <Filter>App Sources</Filter>
    </ClCompile>
    <ClCompile Include="..\RegExp\RegExportImport.cpp">
      <Filter>App Sources</Filter>
    </ClCompile>
    <ClCompile Include="..\RegExp\Registry.cpp">
      <Filter>App Sources</Filter>
    </ClCompile>
    <ClCompile Include="..\RegExp\RegistryKey.cpp">
      <Filter>App Sources</Filter>
    </ClCompile>
    <ClCompile Include="..\RegExp\RegistrySearcher.cpp">
      <Filter>App Sources</Filter>
    </ClCompile>
    <ClCompile Include="..\RegExp\RegistrySnapshot.cpp">
      <Filter>App Sources</Filter>
    </ClCompile>
    <ClCompile Include="..\RegExp\RestoreKeyCommand.cpp">
      <Filter>App Sources</Filter>
    </ClCompile>
    <ClCompile Include="..\RegExp\SecurityHelper.cpp">
      <Filter>App Sources</Filter>
    </ClCompile>
    <ClCompile Include="..\RegExp\ValueDecoder.cpp">
      <Filter>App Sources</Filter>
    </ClCompile>
    <ClCompile Include="KeyBackupTests.cpp">
      <Filter>Tests</Filter>
    </ClCompile>
    <ClCompile Include="KeyWatcherTests.cpp">
      <Filter>Tests</Filter>
    </ClCompile>
    <ClCompile Include="main.cpp">
      <Filter>Tests</Filter>
    </ClCompile>
    <ClCompile Include="RegFileTests.cpp">
      <Filter>Tests</Filter>
    </ClCompile>
    <ClCompile Include="ImportTests.cpp">
      <Filter>Tests</Filter>
    </ClCompile>
    <ClCompile Include="RegistryTests.cpp">
      <Filter>Tests</Filter>
    </ClCompile>
    <ClCompile Include="SearchTests.cpp">
      <Filter>Tests</Filter>
    </ClCompile>
    <ClCompile Include="SnapshotTests.cpp">
      <Filter>Tests</Filter>
    </ClCompile>
    <ClCompile Include="TestHelpers.cpp">
      <Filter>Tests</Filter>
    </ClCompile>
    <ClCompile Include="ValueDecoderTests.cpp">
      <Filter>Tests</Filter>
    </ClCompile>
  </ItemGroup>
  <ItemGroup>
    <ClInclude Include="TestHelpers.h">
      <Filter>Tests</Filter>
    </ClInclude>
  </ItemGroup>
</Project>
