<?xml version="1.0" encoding="utf-8"?>
<Project ToolsVersion="4.0" xmlns="http://schemas.microsoft.com/developer/msbuild/2003">
  <ItemGroup>
    <Filter Include="Source Files">
      <UniqueIdentifier>{4FC737F1-C7A5-4376-A066-2A32D752A2FF}</UniqueIdentifier>
      <Extensions>cpp;c;cc;cxx;c++;cppm;ixx;def;odl;idl;hpj;bat;asm;asmx</Extensions>
    </Filter>
    <Filter Include="Header Files">
      <UniqueIdentifier>{93995380-89BD-4b04-88EB-625FBE52EBFB}</UniqueIdentifier>
      <Extensions>h;hh;hpp;hxx;h++;hm;inl;inc;ipp;xsd</Extensions>
    </Filter>
    <Filter Include="Resource Files">
      <UniqueIdentifier>{67DA6AB6-F800-4c08-8B7A-83BB121AAD01}</UniqueIdentifier>
      <Extensions>rc;ico;cur;bmp;dlg;rc2;rct;bin;rgs;gif;jpg;jpeg;jpe;resx;tiff;tif;png;wav;mfcribbon-ms</Extensions>
    </Filter>
    <Filter Include="Helpers">
      <UniqueIdentifier>{aec55e61-178c-45d3-bef6-73c292a0919d}</UniqueIdentifier>
    </Filter>
    <Filter Include="Dialogs">
      <UniqueIdentifier>{0274aef8-27ce-482b-9dbf-6db5ab6e5f4b}</UniqueIdentifier>
    </Filter>
    <Filter Include="Resource Files\Icons">
      <UniqueIdentifier>{f845a500-48bf-48d7-a0ab-1d728d88a8c0}</UniqueIdentifier>
    </Filter>
    <Filter Include="Commands">
      <UniqueIdentifier>{23380c9c-8279-4afc-b45c-4326d156ae3e}</UniqueIdentifier>
    </Filter>
    <Filter Include="Controls">
      <UniqueIdentifier>{11047e3c-6aa8-446c-a3c6-24a6d7c3af4f}</UniqueIdentifier>
    </Filter>
  </ItemGroup>
  <ItemGroup>
    <ClInclude Include="targetver.h">
      <Filter>Header Files</Filter>
    </ClInclude>
    <ClInclude Include="RegExp.h">
      <Filter>Header Files</Filter>
    </ClInclude>
    <ClInclude Include="pch.h">
      <Filter>Header Files</Filter>
    </ClInclude>
    <ClInclude Include="MainFrame.h">
      <Filter>Header Files</Filter>
    </ClInclude>
    <ClInclude Include="SecurityHelper.h">
      <Filter>Helpers</Filter>
    </ClInclude>
    <ClInclude Include="AboutDlg.h">
      <Filter>Dialogs</Filter>
    </ClInclude>
    <ClInclude Include="Resource.h">
      <Filter>Resource Files</Filter>
    </ClInclude>
    <ClInclude Include="Registry.h">
      <Filter>Helpers</Filter>
    </ClInclude>
    <ClInclude Include="NavigationManager.h">
      <Filter>Helpers</Filter>
    </ClInclude>
    <ClInclude Include="Settings.h">
      <Filter>Header Files</Filter>
    </ClInclude>
    <ClInclude Include="AppSettings.h">
      <Filter>Header Files</Filter>
    </ClInclude>
    <ClInclude Include="AppCommandBase.h">
      <Filter>Commands</Filter>
    </ClInclude>
    <ClInclude Include="CommandManager.h">
      <Filter>Commands</Filter>
    </ClInclude>
    <ClInclude Include="CreateKeyCommand.h">
      <Filter>Commands</Filter>
    </ClInclude>
    <ClInclude Include="TreeHelper.h">
      <Filter>Helpers</Filter>
    </ClInclude>
    <ClInclude Include="RenameKeyCommand.h">
      <Filter>Commands</Filter>
    </ClInclude>
    <ClInclude Include="FindDlg.h">
      <Filter>Dialogs</Filter>
    </ClInclude>
    <ClInclude Include="FindOptions.h">
      <Filter>Header Files</Filter>
    </ClInclude>
    <ClInclude Include="RegistrySearcher.h">
      <Filter>Header Files</Filter>
    </ClInclude>
    <ClInclude Include="IMainFrame.h">
      <Filter>Header Files</Filter>
    </ClInclude>
    <ClInclude Include="CopyKeyCommand.h">
      <Filter>Commands</Filter>
    </ClInclude>
    <ClInclude Include="DeleteKeyCommand.h">
      <Filter>Commands</Filter>
    </ClInclude>
    <ClInclude Include="FindAllDlg.h">
      <Filter>Dialogs</Filter>
    </ClInclude>
    <ClInclude Include="Helpers.h">
      <Filter>Helpers</Filter>
    </ClInclude>
    <ClInclude Include="StringValueDlg.h">
      <Filter>Dialogs</Filter>
    </ClInclude>
    <ClInclude Include="ChangeValueCommand.h">
      <Filter>Commands</Filter>
    </ClInclude>
    <ClInclude Include="MultiStringValueDlg.h">
      <Filter>Dialogs</Filter>
    </ClInclude>
    <ClInclude Include="NumberValueDlg.h">
      <Filter>Dialogs</Filter>
    </ClInclude>
    <ClInclude Include="DeleteValueCommand.h">
      <Filter>Commands</Filter>
    </ClInclude>
    <ClInclude Include="HexControl.h">
      <Filter>Controls</Filter>
    </ClInclude>
    <ClInclude Include="BinaryValueDlg.h">
      <Filter>Dialogs</Filter>
    </ClInclude>
    <ClInclude Include="MemoryBuffer.h">
      <Filter>Controls</Filter>
    </ClInclude>
    <ClInclude Include="SecurityInformation.h">
      <Filter>Helpers</Filter>
    </ClInclude>
    <ClInclude Include="CreateValueCommand.h">
      <Filter>Commands</Filter>
    </ClInclude>
    <ClInclude Include="RenameValueCommand.h">
      <Filter>Commands</Filter>
    </ClInclude>
    <ClInclude Include="ExportDlg.h">
      <Filter>Dialogs</Filter>
    </ClInclude>
    <ClInclude Include="CopyValueCommand.h">
      <Filter>Commands</Filter>
    </ClInclude>
    <ClInclude Include="LoadHiveDlg.h">
      <Filter>Dialogs</Filter>
    </ClInclude>
    <ClInclude Include="GotoKeyDlg.h">
      <Filter>Dialogs</Filter>
    </ClInclude>
    <ClInclude Include="EnumStrings.h">
      <Filter>Helpers</Filter>
    </ClInclude>
    <ClInclude Include="ConnectRegistryDlg.h">
      <Filter>Dialogs</Filter>
    </ClInclude>
    <ClInclude Include="RegistryKey.h">
      <Filter>Helpers</Filter>
    </ClInclude>
    <ClInclude Include="LocationManager.h">
      <Filter>Header Files</Filter>
    </ClInclude>
    <ClInclude Include="RegExportImport.h">
      <Filter>Helpers</Filter>
    </ClInclude>
    <ClInclude Include="NtDll.h">
      <Filter>Header Files</Filter>
    </ClInclude>
    <ClInclude Include="KeysHandlesDlg.h">
      <Filter>Dialogs</Filter>
    </ClInclude>
    <ClInclude Include="ImageIconCache.h">
      <Filter>Helpers</Filter>
    </ClInclude>
  </ItemGroup>
  <ItemGroup>
    <ClCompile Include="RegExp.cpp">
      <Filter>Source Files</Filter>
    </ClCompile>
    <ClCompile Include="pch.cpp">
      <Filter>Source Files</Filter>
    </ClCompile>
    <ClCompile Include="MainFrame.cpp">
      <Filter>Source Files</Filter>
    </ClCompile>
    <ClCompile Include="SecurityHelper.cpp">
      <Filter>Helpers</Filter>
    </ClCompile>
    <ClCompile Include="AboutDlg.cpp">
      <Filter>Dialogs</Filter>
    </ClCompile>
    <ClCompile Include="Registry.cpp">
      <Filter>Helpers</Filter>
    </ClCompile>
    <ClCompile Include="Settings.cpp">
      <Filter>Source Files</Filter>
    </ClCompile>
    <ClCompile Include="AppCommandBase.cpp">
      <Filter>Commands</Filter>
    </ClCompile>
    <ClCompile Include="CommandManager.cpp">
      <Filter>Commands</Filter>
    </ClCompile>
    <ClCompile Include="CreateKeyCommand.cpp">
      <Filter>Commands</Filter>
    </ClCompile>
    <ClCompile Include="TreeHelper.cpp">
      <Filter>Helpers</Filter>
    </ClCompile>
    <ClCompile Include="RenameKeyCommand.cpp">
      <Filter>Commands</Filter>
    </ClCompile>
    <ClCompile Include="FindDlg.cpp">
      <Filter>Dialogs</Filter>
    </ClCompile>
    <ClCompile Include="RegistrySearcher.cpp">
      <Filter>Source Files</Filter>
    </ClCompile>
    <ClCompile Include="CopyKeyCommand.cpp">
      <Filter>Commands</Filter>
    </ClCompile>
    <ClCompile Include="FindAllDlg.cpp">
      <Filter>Dialogs</Filter>
    </ClCompile>
    <ClCompile Include="Helpers.cpp">
      <Filter>Helpers</Filter>
    </ClCompile>
    <ClCompile Include="StringValueDlg.cpp">
      <Filter>Dialogs</Filter>
    </ClCompile>
    <ClCompile Include="DeleteKeyCommand.cpp">
      <Filter>Commands</Filter>
    </ClCompile>
    <ClCompile Include="ChangeValueCommand.cpp">
      <Filter>Commands</Filter>
    </ClCompile>
    <ClCompile Include="MultiStringValueDlg.cpp">
      <Filter>Dialogs</Filter>
    </ClCompile>
    <ClCompile Include="NumberValueDlg.cpp">
      <Filter>Dialogs</Filter>
    </ClCompile>
    <ClCompile Include="DeleteValueCommand.cpp">
      <Filter>Commands</Filter>
    </ClCompile>
    <ClCompile Include="HexControl.cpp">
      <Filter>Controls</Filter>
    </ClCompile>
    <ClCompile Include="BinaryValueDlg.cpp">
      <Filter>Dialogs</Filter>
    </ClCompile>
    <ClCompile Include="MemoryBuffer.cpp">
      <Filter>Controls</Filter>
    </ClCompile>
    <ClCompile Include="SecurityInformation.cpp">
      <Filter>Helpers</Filter>
    </ClCompile>
    <ClCompile Include="CreateValueCommand.cpp">
      <Filter>Commands</Filter>
    </ClCompile>
    <ClCompile Include="RenameValueCommand.cpp">
      <Filter>Commands</Filter>
    </ClCompile>
    <ClCompile Include="ExportDlg.cpp">
      <Filter>Dialogs</Filter>
    </ClCompile>
    <ClCompile Include="CopyValueCommand.cpp">
      <Filter>Commands</Filter>
    </ClCompile>
    <ClCompile Include="LoadHiveDlg.cpp">
      <Filter>Dialogs</Filter>
    </ClCompile>
    <ClCompile Include="GotoKeyDlg.cpp">
      <Filter>Dialogs</Filter>
    </ClCompile>
    <ClCompile Include="EnumStrings.cpp">
      <Filter>Helpers</Filter>
    </ClCompile>
    <ClCompile Include="ConnectRegistryDlg.cpp">
      <Filter>Dialogs</Filter>
    </ClCompile>
    <ClCompile Include="RegistryKey.cpp">
      <Filter>Helpers</Filter>
    </ClCompile>
    <ClCompile Include="LocationManager.cpp">
      <Filter>Source Files</Filter>
    </ClCompile>
    <ClCompile Include="RegExportImport.cpp">
      <Filter>Helpers</Filter>
    </ClCompile>
    <ClCompile Include="KeysHandlesDlg.cpp">
      <Filter>Dialogs</Filter>
    </ClCompile>
    <ClCompile Include="ImageIconCache.cpp">
      <Filter>Helpers</Filter>
    </ClCompile>
  </ItemGroup>
  <ItemGroup>
    <ResourceCompile Include="RegExp.rc">
      <Filter>Resource Files</Filter>
    </ResourceCompile>
  </ItemGroup>
  <ItemGroup>
    <None Include="packages.config" />
    <None Include="cpp.hint" />
  </ItemGroup>
  <ItemGroup>
    <Image Include="RegExp.ico">
      <Filter>Resource Files\Icons</Filter>
    </Image>
    <Image Include="Icons\copy.ico">
      <Filter>Resource Files\Icons</Filter>
    </Image>
    <Image Include="Icons\cut.ico">
      <Filter>Resource Files\Icons</Filter>
    </Image>
    <Image Include="Icons\find.ico">
      <Filter>Resource Files\Icons</Filter>
    </Image>
    <Image Include="Icons\folder-link.ico">
      <Filter>Resource Files\Icons</Filter>
    </Image>
    <Image Include="Icons\paste.ico">
      <Filter>Resource Files\Icons</Filter>
    </Image>
    <Image Include="Icons\quickfind.ico">
      <Filter>Resource Files\Icons</Filter>
    </Image>
    <Image Include="Icons\redo.ico">
      <Filter>Resource Files\Icons</Filter>
    </Image>
    <Image Include="Icons\refresh.ico">
      <Filter>Resource Files\Icons</Filter>
    </Image>
    <Image Include="Icons\RegExp.ico">
      <Filter>Resource Files\Icons</Filter>
    </Image>
    <Image Include="Icons\undo.ico">
      <Filter>Resource Files\Icons</Filter>
    </Image>
    <Image Include="Icons\delete.ico">
      <Filter>Resource Files\Icons</Filter>
    </Image>
    <Image Include="Icons\back.ico">
      <Filter>Resource Files\Icons</Filter>
    </Image>
    <Image Include="Icons\folder.ico">
      <Filter>Resource Files\Icons</Filter>
    </Image>
    <Image Include="Icons\folder_accessdenied.ico">
      <Filter>Resource Files\Icons</Filter>
    </Image>
    <Image Include="Icons\folder_closed.ico">
      <Filter>Resource Files\Icons</Filter>
    </Image>
    <Image Include="Icons\forward.ico">
      <Filter>Resource Files\Icons</Filter>
    </Image>
    <Image Include="Icons\hive.ico">
      <Filter>Resource Files\Icons</Filter>
    </Image>
    <Image Include="Icons\hive-accessdenied.ico">
      <Filter>Resource Files\Icons</Filter>
    </Image>
    <Image Include="Icons\laptop.ico">
      <Filter>Resource Files\Icons</Filter>
    </Image>
    <Image Include="Icons\link.ico">
      <Filter>Resource Files\Icons</Filter>
    </Image>
    <Image Include="Icons\binary.ico">
      <Filter>Resource Files\Icons</Filter>
    </Image>
    <Image Include="Icons\lock.ico">
      <Filter>Resource Files\Icons</Filter>
    </Image>
    <Image Include="Icons\folderup.ico">
      <Filter>Resource Files\Icons</Filter>
    </Image>
    <Image Include="Icons\registry.ico">
      <Filter>Resource Files\Icons</Filter>
    </Image>
    <Image Include="Icons\text.ico">
      <Filter>Resource Files\Icons</Filter>
    </Image>
    <Image Include="Icons\rename.ico">
      <Filter>Resource Files\Icons</Filter>
    </Image>
    <Image Include="Icons\folder_new.ico">
      <Filter>Resource Files\Icons</Filter>
    </Image>
    <Image Include="Icons\folder_view.ico">
      <Filter>Resource Files\Icons</Filter>
    </Image>
    <Image Include="Icons\find_next.ico">
      <Filter>Resource Files\Icons</Filter>
    </Image>
    <Image Include="Icons\registrysearch.ico">
      <Filter>Resource Files\Icons</Filter>
    </Image>
    <Image Include="Icons\number-4.ico">
      <Filter>Resource Files\Icons</Filter>
    </Image>
    <Image Include="Icons\number-8.ico">
      <Filter>Resource Files\Icons</Filter>
    </Image>
    <Image Include="Icons\shield.ico">
      <Filter>Resource Files\Icons</Filter>
    </Image>
    <Image Include="Icons\export.ico">
      <Filter>Resource Files\Icons</Filter>
    </Image>
    <Image Include="Icons\properties.ico">
      <Filter>Resource Files\Icons</Filter>
    </Image>
    <Image Include="Icons\import.ico">
      <Filter>Resource Files\Icons</Filter>
    </Image>
    <Image Include="Icons\number-1.ico">
      <Filter>Resource Files\Icons</Filter>
    </Image>
    <Image Include="Icons\number-2.ico">
      <Filter>Resource Files\Icons</Filter>
    </Image>
    <Image Include="Icons\number-8-2.ico">
      <Filter>Resource Files\Icons</Filter>
    </Image>
    <Image Include="Icons\options.ico">
      <Filter>Resource Files\Icons</Filter>
    </Image>
    <Image Include="Icons\folder_into.ico">
      <Filter>Resource Files\Icons</Filter>
    </Image>
    <Image Include="Icons\goto.ico">
      <Filter>Resource Files\Icons</Filter>
    </Image>
    <Image Include="Icons\check.ico">
      <Filter>Resource Files\Icons</Filter>
    </Image>
    <Image Include="Icons\regremote.ico">
      <Filter>Resource Files\Icons</Filter>
    </Image>
  </ItemGroup>
  <ItemGroup>
    <Xml Include="manifest.xml" />
  </ItemGroup>
</Project>